// !$*UTF8*$!
{
	archiveVersion = 1;
	classes = {
	};
	objectVersion = 56;
	objects = {

/* Begin PBXBuildFile section */
		ED7B160DA811CE7F9E4EAAE5 /* Pods_Sample.framework in Frameworks */ = {isa = PBXBuildFile; fileRef = 5054BACB14048614348BFBF1 /* Pods_Sample.framework */; };
		F26E81B62A6F37650014231E /* SampleApp.swift in Sources */ = {isa = PBXBuildFile; fileRef = F26E81B52A6F37650014231E /* SampleApp.swift */; };
		F26E81B82A6F37650014231E /* ContentView.swift in Sources */ = {isa = PBXBuildFile; fileRef = F26E81B72A6F37650014231E /* ContentView.swift */; };
		F26E81BA2A6F37660014231E /* Assets.xcassets in Resources */ = {isa = PBXBuildFile; fileRef = F26E81B92A6F37660014231E /* Assets.xcassets */; };
		F26E81BD2A6F37660014231E /* Preview Assets.xcassets in Resources */ = {isa = PBXBuildFile; fileRef = F26E81BC2A6F37660014231E /* Preview Assets.xcassets */; };
		F26E81C72A70A0C60014231E /* PickerView.swift in Sources */ = {isa = PBXBuildFile; fileRef = F26E81C62A70A0C60014231E /* PickerView.swift */; };
		F26E81C92A70A1040014231E /* SIQCustomButton.swift in Sources */ = {isa = PBXBuildFile; fileRef = F26E81C82A70A1040014231E /* SIQCustomButton.swift */; };
		F26E81CC2A70A16C0014231E /* ShakeFeedbackModifier.swift in Sources */ = {isa = PBXBuildFile; fileRef = F26E81CB2A70A16C0014231E /* ShakeFeedbackModifier.swift */; };
		F26E81CF2A70A1BB0014231E /* View + ShakeFeedback.swift in Sources */ = {isa = PBXBuildFile; fileRef = F26E81CE2A70A1BB0014231E /* View + ShakeFeedback.swift */; };
		F26E81D12A70A22A0014231E /* MobilistenImplementation.swift in Sources */ = {isa = PBXBuildFile; fileRef = F26E81D02A70A22A0014231E /* MobilistenImplementation.swift */; };
		F26E81D42A70A9D80014231E /* VisitorDetailView.swift in Sources */ = {isa = PBXBuildFile; fileRef = F26E81D32A70A9D80014231E /* VisitorDetailView.swift */; };
/* End PBXBuildFile section */

/* Begin PBXFileReference section */
		5054BACB14048614348BFBF1 /* Pods_Sample.framework */ = {isa = PBXFileReference; explicitFileType = wrapper.framework; includeInIndex = 0; path = Pods_Sample.framework; sourceTree = BUILT_PRODUCTS_DIR; };
		77A14AB460F2CB112D10B84E /* Pods-Sample.debug.xcconfig */ = {isa = PBXFileReference; includeInIndex = 1; lastKnownFileType = text.xcconfig; name = "Pods-Sample.debug.xcconfig"; path = "Target Support Files/Pods-Sample/Pods-Sample.debug.xcconfig"; sourceTree = "<group>"; };
		9F38A58444106738051A698A /* Pods-Sample.release.xcconfig */ = {isa = PBXFileReference; includeInIndex = 1; lastKnownFileType = text.xcconfig; name = "Pods-Sample.release.xcconfig"; path = "Target Support Files/Pods-Sample/Pods-Sample.release.xcconfig"; sourceTree = "<group>"; };
		F26E81B22A6F37650014231E /* Sample.app */ = {isa = PBXFileReference; explicitFileType = wrapper.application; includeInIndex = 0; path = Sample.app; sourceTree = BUILT_PRODUCTS_DIR; };
		F26E81B52A6F37650014231E /* SampleApp.swift */ = {isa = PBXFileReference; lastKnownFileType = sourcecode.swift; path = SampleApp.swift; sourceTree = "<group>"; };
		F26E81B72A6F37650014231E /* ContentView.swift */ = {isa = PBXFileReference; lastKnownFileType = sourcecode.swift; path = ContentView.swift; sourceTree = "<group>"; };
		F26E81B92A6F37660014231E /* Assets.xcassets */ = {isa = PBXFileReference; lastKnownFileType = folder.assetcatalog; path = Assets.xcassets; sourceTree = "<group>"; };
		F26E81BC2A6F37660014231E /* Preview Assets.xcassets */ = {isa = PBXFileReference; lastKnownFileType = folder.assetcatalog; path = "Preview Assets.xcassets"; sourceTree = "<group>"; };
		F26E81C62A70A0C60014231E /* PickerView.swift */ = {isa = PBXFileReference; lastKnownFileType = sourcecode.swift; path = PickerView.swift; sourceTree = "<group>"; };
		F26E81C82A70A1040014231E /* SIQCustomButton.swift */ = {isa = PBXFileReference; lastKnownFileType = sourcecode.swift; path = SIQCustomButton.swift; sourceTree = "<group>"; };
		F26E81CB2A70A16C0014231E /* ShakeFeedbackModifier.swift */ = {isa = PBXFileReference; lastKnownFileType = sourcecode.swift; path = ShakeFeedbackModifier.swift; sourceTree = "<group>"; };
		F26E81CE2A70A1BB0014231E /* View + ShakeFeedback.swift */ = {isa = PBXFileReference; lastKnownFileType = sourcecode.swift; path = "View + ShakeFeedback.swift"; sourceTree = "<group>"; };
		F26E81D02A70A22A0014231E /* MobilistenImplementation.swift */ = {isa = PBXFileReference; lastKnownFileType = sourcecode.swift; path = MobilistenImplementation.swift; sourceTree = "<group>"; };
		F26E81D32A70A9D80014231E /* VisitorDetailView.swift */ = {isa = PBXFileReference; lastKnownFileType = sourcecode.swift; path = VisitorDetailView.swift; sourceTree = "<group>"; };
/* End PBXFileReference section */

/* Begin PBXFrameworksBuildPhase section */
		F26E81AF2A6F37650014231E /* Frameworks */ = {
			isa = PBXFrameworksBuildPhase;
			buildActionMask = 2147483647;
			files = (
				ED7B160DA811CE7F9E4EAAE5 /* Pods_Sample.framework in Frameworks */,
			);
			runOnlyForDeploymentPostprocessing = 0;
		};
/* End PBXFrameworksBuildPhase section */

/* Begin PBXGroup section */
		DB4840739D79AFA70D680880 /* Frameworks */ = {
			isa = PBXGroup;
			children = (
				5054BACB14048614348BFBF1 /* Pods_Sample.framework */,
			);
			name = Frameworks;
			sourceTree = "<group>";
		};
		F26E81A92A6F37640014231E = {
			isa = PBXGroup;
			children = (
				F26E81B42A6F37650014231E /* Sample */,
				F26E81B32A6F37650014231E /* Products */,
				FC7F04ABA85E583A925232DE /* Pods */,
				DB4840739D79AFA70D680880 /* Frameworks */,
			);
			sourceTree = "<group>";
		};
		F26E81B32A6F37650014231E /* Products */ = {
			isa = PBXGroup;
			children = (
				F26E81B22A6F37650014231E /* Sample.app */,
			);
			name = Products;
			sourceTree = "<group>";
		};
		F26E81B42A6F37650014231E /* Sample */ = {
			isa = PBXGroup;
			children = (
				F26E81B52A6F37650014231E /* SampleApp.swift */,
				F26E81B72A6F37650014231E /* ContentView.swift */,
				F26E81D32A70A9D80014231E /* VisitorDetailView.swift */,
				F26E81D02A70A22A0014231E /* MobilistenImplementation.swift */,
				F26E81C52A70A0AA0014231E /* CustomViews */,
				F26E81CA2A70A1360014231E /* ViewModifier */,
				F26E81CD2A70A1860014231E /* Extensions */,
				F26E81B92A6F37660014231E /* Assets.xcassets */,
				F26E81BB2A6F37660014231E /* Preview Content */,
			);
			path = Sample;
			sourceTree = "<group>";
		};
		F26E81BB2A6F37660014231E /* Preview Content */ = {
			isa = PBXGroup;
			children = (
				F26E81BC2A6F37660014231E /* Preview Assets.xcassets */,
			);
			path = "Preview Content";
			sourceTree = "<group>";
		};
		F26E81C52A70A0AA0014231E /* CustomViews */ = {
			isa = PBXGroup;
			children = (
				F26E81C62A70A0C60014231E /* PickerView.swift */,
				F26E81C82A70A1040014231E /* SIQCustomButton.swift */,
			);
			path = CustomViews;
			sourceTree = "<group>";
		};
		F26E81CA2A70A1360014231E /* ViewModifier */ = {
			isa = PBXGroup;
			children = (
				F26E81CB2A70A16C0014231E /* ShakeFeedbackModifier.swift */,
			);
			path = ViewModifier;
			sourceTree = "<group>";
		};
		F26E81CD2A70A1860014231E /* Extensions */ = {
			isa = PBXGroup;
			children = (
				F26E81CE2A70A1BB0014231E /* View + ShakeFeedback.swift */,
			);
			path = Extensions;
			sourceTree = "<group>";
		};
		FC7F04ABA85E583A925232DE /* Pods */ = {
			isa = PBXGroup;
			children = (
				77A14AB460F2CB112D10B84E /* Pods-Sample.debug.xcconfig */,
				9F38A58444106738051A698A /* Pods-Sample.release.xcconfig */,
			);
			path = Pods;
			sourceTree = "<group>";
		};
/* End PBXGroup section */

/* Begin PBXNativeTarget section */
		F26E81B12A6F37650014231E /* Sample */ = {
			isa = PBXNativeTarget;
			buildConfigurationList = F26E81C02A6F37660014231E /* Build configuration list for PBXNativeTarget "Sample" */;
			buildPhases = (
				2E7FC6838F5EFA8C0C2B8A7C /* [CP] Check Pods Manifest.lock */,
				F26E81AE2A6F37650014231E /* Sources */,
				F26E81AF2A6F37650014231E /* Frameworks */,
				F26E81B02A6F37650014231E /* Resources */,
				385D7E27994EF4E151F5B8EC /* [CP] Embed Pods Frameworks */,
			);
			buildRules = (
			);
			dependencies = (
			);
			name = Sample;
			productName = Sample;
			productReference = F26E81B22A6F37650014231E /* Sample.app */;
			productType = "com.apple.product-type.application";
		};
/* End PBXNativeTarget section */

/* Begin PBXProject section */
		F26E81AA2A6F37650014231E /* Project object */ = {
			isa = PBXProject;
			attributes = {
				BuildIndependentTargetsInParallel = 1;
				LastSwiftUpdateCheck = 1430;
				LastUpgradeCheck = 1430;
				TargetAttributes = {
					F26E81B12A6F37650014231E = {
						CreatedOnToolsVersion = 14.3;
					};
				};
			};
			buildConfigurationList = F26E81AD2A6F37650014231E /* Build configuration list for PBXProject "Sample" */;
			compatibilityVersion = "Xcode 14.0";
			developmentRegion = en;
			hasScannedForEncodings = 0;
			knownRegions = (
				en,
				Base,
			);
			mainGroup = F26E81A92A6F37640014231E;
			productRefGroup = F26E81B32A6F37650014231E /* Products */;
			projectDirPath = "";
			projectRoot = "";
			targets = (
				F26E81B12A6F37650014231E /* Sample */,
			);
		};
/* End PBXProject section */

/* Begin PBXResourcesBuildPhase section */
		F26E81B02A6F37650014231E /* Resources */ = {
			isa = PBXResourcesBuildPhase;
			buildActionMask = 2147483647;
			files = (
				F26E81BD2A6F37660014231E /* Preview Assets.xcassets in Resources */,
				F26E81BA2A6F37660014231E /* Assets.xcassets in Resources */,
			);
			runOnlyForDeploymentPostprocessing = 0;
		};
/* End PBXResourcesBuildPhase section */

/* Begin PBXShellScriptBuildPhase section */
		2E7FC6838F5EFA8C0C2B8A7C /* [CP] Check Pods Manifest.lock */ = {
			isa = PBXShellScriptBuildPhase;
			buildActionMask = 2147483647;
			files = (
			);
			inputFileListPaths = (
			);
			inputPaths = (
				"${PODS_PODFILE_DIR_PATH}/Podfile.lock",
				"${PODS_ROOT}/Manifest.lock",
			);
			name = "[CP] Check Pods Manifest.lock";
			outputFileListPaths = (
			);
			outputPaths = (
				"$(DERIVED_FILE_DIR)/Pods-Sample-checkManifestLockResult.txt",
			);
			runOnlyForDeploymentPostprocessing = 0;
			shellPath = /bin/sh;
			shellScript = "diff \"${PODS_PODFILE_DIR_PATH}/Podfile.lock\" \"${PODS_ROOT}/Manifest.lock\" > /dev/null\nif [ $? != 0 ] ; then\n    # print error to STDERR\n    echo \"error: The sandbox is not in sync with the Podfile.lock. Run 'pod install' or update your CocoaPods installation.\" >&2\n    exit 1\nfi\n# This output is used by Xcode 'outputs' to avoid re-running this script phase.\necho \"SUCCESS\" > \"${SCRIPT_OUTPUT_FILE_0}\"\n";
			showEnvVarsInLog = 0;
		};
		385D7E27994EF4E151F5B8EC /* [CP] Embed Pods Frameworks */ = {
			isa = PBXShellScriptBuildPhase;
			buildActionMask = 2147483647;
			files = (
			);
			inputFileListPaths = (
				"${PODS_ROOT}/Target Support Files/Pods-Sample/Pods-Sample-frameworks-${CONFIGURATION}-input-files.xcfilelist",
			);
			name = "[CP] Embed Pods Frameworks";
			outputFileListPaths = (
				"${PODS_ROOT}/Target Support Files/Pods-Sample/Pods-Sample-frameworks-${CONFIGURATION}-output-files.xcfilelist",
			);
			runOnlyForDeploymentPostprocessing = 0;
			shellPath = /bin/sh;
			shellScript = "\"${PODS_ROOT}/Target Support Files/Pods-Sample/Pods-Sample-frameworks.sh\"\n";
			showEnvVarsInLog = 0;
		};
/* End PBXShellScriptBuildPhase section */

/* Begin PBXSourcesBuildPhase section */
		F26E81AE2A6F37650014231E /* Sources */ = {
			isa = PBXSourcesBuildPhase;
			buildActionMask = 2147483647;
			files = (
				F26E81D42A70A9D80014231E /* VisitorDetailView.swift in Sources */,
				F26E81CC2A70A16C0014231E /* ShakeFeedbackModifier.swift in Sources */,
				F26E81C92A70A1040014231E /* SIQCustomButton.swift in Sources */,
				F26E81D12A70A22A0014231E /* MobilistenImplementation.swift in Sources */,
				F26E81CF2A70A1BB0014231E /* View + ShakeFeedback.swift in Sources */,
				F26E81B82A6F37650014231E /* ContentView.swift in Sources */,
				F26E81B62A6F37650014231E /* SampleApp.swift in Sources */,
				F26E81C72A70A0C60014231E /* PickerView.swift in Sources */,
			);
			runOnlyForDeploymentPostprocessing = 0;
		};
/* End PBXSourcesBuildPhase section */

/* Begin XCBuildConfiguration section */
		F26E81BE2A6F37660014231E /* Debug */ = {
			isa = XCBuildConfiguration;
			buildSettings = {
				ALWAYS_SEARCH_USER_PATHS = NO;
				CLANG_ANALYZER_NONNULL = YES;
				CLANG_ANALYZER_NUMBER_OBJECT_CONVERSION = YES_AGGRESSIVE;
				CLANG_CXX_LANGUAGE_STANDARD = "gnu++20";
				CLANG_ENABLE_MODULES = YES;
				CLANG_ENABLE_OBJC_ARC = YES;
				CLANG_ENABLE_OBJC_WEAK = YES;
				CLANG_WARN_BLOCK_CAPTURE_AUTORELEASING = YES;
				CLANG_WARN_BOOL_CONVERSION = YES;
				CLANG_WARN_COMMA = YES;
				CLANG_WARN_CONSTANT_CONVERSION = YES;
				CLANG_WARN_DEPRECATED_OBJC_IMPLEMENTATIONS = YES;
				CLANG_WARN_DIRECT_OBJC_ISA_USAGE = YES_ERROR;
				CLANG_WARN_DOCUMENTATION_COMMENTS = YES;
				CLANG_WARN_EMPTY_BODY = YES;
				CLANG_WARN_ENUM_CONVERSION = YES;
				CLANG_WARN_INFINITE_RECURSION = YES;
				CLANG_WARN_INT_CONVERSION = YES;
				CLANG_WARN_NON_LITERAL_NULL_CONVERSION = YES;
				CLANG_WARN_OBJC_IMPLICIT_RETAIN_SELF = YES;
				CLANG_WARN_OBJC_LITERAL_CONVERSION = YES;
				CLANG_WARN_OBJC_ROOT_CLASS = YES_ERROR;
				CLANG_WARN_QUOTED_INCLUDE_IN_FRAMEWORK_HEADER = YES;
				CLANG_WARN_RANGE_LOOP_ANALYSIS = YES;
				CLANG_WARN_STRICT_PROTOTYPES = YES;
				CLANG_WARN_SUSPICIOUS_MOVE = YES;
				CLANG_WARN_UNGUARDED_AVAILABILITY = YES_AGGRESSIVE;
				CLANG_WARN_UNREACHABLE_CODE = YES;
				CLANG_WARN__DUPLICATE_METHOD_MATCH = YES;
				COPY_PHASE_STRIP = NO;
				DEBUG_INFORMATION_FORMAT = dwarf;
				ENABLE_STRICT_OBJC_MSGSEND = YES;
				ENABLE_TESTABILITY = YES;
				GCC_C_LANGUAGE_STANDARD = gnu11;
				GCC_DYNAMIC_NO_PIC = NO;
				GCC_NO_COMMON_BLOCKS = YES;
				GCC_OPTIMIZATION_LEVEL = 0;
				GCC_PREPROCESSOR_DEFINITIONS = (
					"DEBUG=1",
					"$(inherited)",
				);
				GCC_WARN_64_TO_32_BIT_CONVERSION = YES;
				GCC_WARN_ABOUT_RETURN_TYPE = YES_ERROR;
				GCC_WARN_UNDECLARED_SELECTOR = YES;
				GCC_WARN_UNINITIALIZED_AUTOS = YES_AGGRESSIVE;
				GCC_WARN_UNUSED_FUNCTION = YES;
				GCC_WARN_UNUSED_VARIABLE = YES;
				IPHONEOS_DEPLOYMENT_TARGET = 16.4;
				MTL_ENABLE_DEBUG_INFO = INCLUDE_SOURCE;
				MTL_FAST_MATH = YES;
				ONLY_ACTIVE_ARCH = YES;
				SDKROOT = iphoneos;
				SWIFT_ACTIVE_COMPILATION_CONDITIONS = DEBUG;
				SWIFT_OPTIMIZATION_LEVEL = "-Onone";
			};
			name = Debug;
		};
		F26E81BF2A6F37660014231E /* Release */ = {
			isa = XCBuildConfiguration;
			buildSettings = {
				ALWAYS_SEARCH_USER_PATHS = NO;
				CLANG_ANALYZER_NONNULL = YES;
				CLANG_ANALYZER_NUMBER_OBJECT_CONVERSION = YES_AGGRESSIVE;
				CLANG_CXX_LANGUAGE_STANDARD = "gnu++20";
				CLANG_ENABLE_MODULES = YES;
				CLANG_ENABLE_OBJC_ARC = YES;
				CLANG_ENABLE_OBJC_WEAK = YES;
				CLANG_WARN_BLOCK_CAPTURE_AUTORELEASING = YES;
				CLANG_WARN_BOOL_CONVERSION = YES;
				CLANG_WARN_COMMA = YES;
				CLANG_WARN_CONSTANT_CONVERSION = YES;
				CLANG_WARN_DEPRECATED_OBJC_IMPLEMENTATIONS = YES;
				CLANG_WARN_DIRECT_OBJC_ISA_USAGE = YES_ERROR;
				CLANG_WARN_DOCUMENTATION_COMMENTS = YES;
				CLANG_WARN_EMPTY_BODY = YES;
				CLANG_WARN_ENUM_CONVERSION = YES;
				CLANG_WARN_INFINITE_RECURSION = YES;
				CLANG_WARN_INT_CONVERSION = YES;
				CLANG_WARN_NON_LITERAL_NULL_CONVERSION = YES;
				CLANG_WARN_OBJC_IMPLICIT_RETAIN_SELF = YES;
				CLANG_WARN_OBJC_LITERAL_CONVERSION = YES;
				CLANG_WARN_OBJC_ROOT_CLASS = YES_ERROR;
				CLANG_WARN_QUOTED_INCLUDE_IN_FRAMEWORK_HEADER = YES;
				CLANG_WARN_RANGE_LOOP_ANALYSIS = YES;
				CLANG_WARN_STRICT_PROTOTYPES = YES;
				CLANG_WARN_SUSPICIOUS_MOVE = YES;
				CLANG_WARN_UNGUARDED_AVAILABILITY = YES_AGGRESSIVE;
				CLANG_WARN_UNREACHABLE_CODE = YES;
				CLANG_WARN__DUPLICATE_METHOD_MATCH = YES;
				COPY_PHASE_STRIP = NO;
				DEBUG_INFORMATION_FORMAT = "dwarf-with-dsym";
				ENABLE_NS_ASSERTIONS = NO;
				ENABLE_STRICT_OBJC_MSGSEND = YES;
				GCC_C_LANGUAGE_STANDARD = gnu11;
				GCC_NO_COMMON_BLOCKS = YES;
				GCC_WARN_64_TO_32_BIT_CONVERSION = YES;
				GCC_WARN_ABOUT_RETURN_TYPE = YES_ERROR;
				GCC_WARN_UNDECLARED_SELECTOR = YES;
				GCC_WARN_UNINITIALIZED_AUTOS = YES_AGGRESSIVE;
				GCC_WARN_UNUSED_FUNCTION = YES;
				GCC_WARN_UNUSED_VARIABLE = YES;
				IPHONEOS_DEPLOYMENT_TARGET = 16.4;
				MTL_ENABLE_DEBUG_INFO = NO;
				MTL_FAST_MATH = YES;
				SDKROOT = iphoneos;
				SWIFT_COMPILATION_MODE = wholemodule;
				SWIFT_OPTIMIZATION_LEVEL = "-O";
				VALIDATE_PRODUCT = YES;
			};
			name = Release;
		};
		F26E81C12A6F37660014231E /* Debug */ = {
			isa = XCBuildConfiguration;
			baseConfigurationReference = 77A14AB460F2CB112D10B84E /* Pods-Sample.debug.xcconfig */;
			buildSettings = {
				ASSETCATALOG_COMPILER_APPICON_NAME = AppIcon;
				ASSETCATALOG_COMPILER_GLOBAL_ACCENT_COLOR_NAME = AccentColor;
				CODE_SIGN_STYLE = Manual;
				CURRENT_PROJECT_VERSION = 1;
				DEVELOPMENT_ASSET_PATHS = "\"Sample/Preview Content\"";
				DEVELOPMENT_TEAM = "";
				ENABLE_PREVIEWS = YES;
				GENERATE_INFOPLIST_FILE = YES;
				INFOPLIST_KEY_UIApplicationSceneManifest_Generation = YES;
				INFOPLIST_KEY_UIApplicationSupportsIndirectInputEvents = YES;
				INFOPLIST_KEY_UILaunchScreen_Generation = YES;
				INFOPLIST_KEY_UISupportedInterfaceOrientations_iPad = "UIInterfaceOrientationPortrait UIInterfaceOrientationPortraitUpsideDown UIInterfaceOrientationLandscapeLeft UIInterfaceOrientationLandscapeRight";
				INFOPLIST_KEY_UISupportedInterfaceOrientations_iPhone = "UIInterfaceOrientationPortrait UIInterfaceOrientationLandscapeLeft UIInterfaceOrientationLandscapeRight";
				IPHONEOS_DEPLOYMENT_TARGET = 16.0;
				LD_RUNPATH_SEARCH_PATHS = (
					"$(inherited)",
					"@executable_path/Frameworks",
				);
				MARKETING_VERSION = 1.0;
				PRODUCT_BUNDLE_IDENTIFIER = com.mobilisten.Sample;
				PRODUCT_NAME = "$(TARGET_NAME)";
				PROVISIONING_PROFILE_SPECIFIER = "";
				SWIFT_EMIT_LOC_STRINGS = YES;
				SWIFT_VERSION = 5.0;
				TARGETED_DEVICE_FAMILY = "1,2";
			};
			name = Debug;
		};
		F26E81C22A6F37660014231E /* Release */ = {
			isa = XCBuildConfiguration;
			baseConfigurationReference = 9F38A58444106738051A698A /* Pods-Sample.release.xcconfig */;
			buildSettings = {
				ASSETCATALOG_COMPILER_APPICON_NAME = AppIcon;
				ASSETCATALOG_COMPILER_GLOBAL_ACCENT_COLOR_NAME = AccentColor;
				CODE_SIGN_STYLE = Manual;
				CURRENT_PROJECT_VERSION = 1;
				DEVELOPMENT_ASSET_PATHS = "\"Sample/Preview Content\"";
				DEVELOPMENT_TEAM = "";
				ENABLE_PREVIEWS = YES;
				GENERATE_INFOPLIST_FILE = YES;
				INFOPLIST_KEY_UIApplicationSceneManifest_Generation = YES;
				INFOPLIST_KEY_UIApplicationSupportsIndirectInputEvents = YES;
				INFOPLIST_KEY_UILaunchScreen_Generation = YES;
				INFOPLIST_KEY_UISupportedInterfaceOrientations_iPad = "UIInterfaceOrientationPortrait UIInterfaceOrientationPortraitUpsideDown UIInterfaceOrientationLandscapeLeft UIInterfaceOrientationLandscapeRight";
				INFOPLIST_KEY_UISupportedInterfaceOrientations_iPhone = "UIInterfaceOrientationPortrait UIInterfaceOrientationLandscapeLeft UIInterfaceOrientationLandscapeRight";
				IPHONEOS_DEPLOYMENT_TARGET = 16.0;
				LD_RUNPATH_SEARCH_PATHS = (
					"$(inherited)",
					"@executable_path/Frameworks",
				);
				MARKETING_VERSION = 1.0;
				PRODUCT_BUNDLE_IDENTIFIER = com.mobilisten.Sample;
				PRODUCT_NAME = "$(TARGET_NAME)";
				PROVISIONING_PROFILE_SPECIFIER = "";
				SWIFT_EMIT_LOC_STRINGS = YES;
				SWIFT_VERSION = 5.0;
				TARGETED_DEVICE_FAMILY = "1,2";
			};
			name = Release;
		};
/* End XCBuildConfiguration section */

/* Begin XCConfigurationList section */
		F26E81AD2A6F37650014231E /* Build configuration list for PBXProject "Sample" */ = {
			isa = XCConfigurationList;
			buildConfigurations = (
				F26E81BE2A6F37660014231E /* Debug */,
				F26E81BF2A6F37660014231E /* Release */,
			);
			defaultConfigurationIsVisible = 0;
			defaultConfigurationName = Release;
		};
		F26E81C02A6F37660014231E /* Build configuration list for PBXNativeTarget "Sample" */ = {
			isa = XCConfigurationList;
			buildConfigurations = (
				F26E81C12A6F37660014231E /* Debug */,
				F26E81C22A6F37660014231E /* Release */,
			);
			defaultConfigurationIsVisible = 0;
			defaultConfigurationName = Release;
		};
/* End XCConfigurationList section */
	};
	rootObject = F26E81AA2A6F37650014231E /* Project object */;
}
